
Microsoft Visual Studio Solution File, Format Version 12.00
# Visual Studio Version 17
VisualStudioVersion = 17.12.35707.178 d17.12
MinimumVisualStudioVersion = 10.0.40219.1
Project("{FAE04EC0-301F-11D3-BF4B-00C04F79EFBC}") = "Ef_Core_Statistic_Project", "Ef_Core_Statistic_Project\Ef_Core_Statistic_Project.csproj", "{2C467C2E-44C5-4B8E-A76A-1F385360BB29}"
EndProject
Global
	GlobalSection(SolutionConfigurationPlatforms) = preSolution
		Debug|Any CPU = Debug|Any CPU
		Release|Any CPU = Release|Any CPU
	EndGlobalSection
	GlobalSection(ProjectConfigurationPlatforms) = postSolution
		{2C467C2E-44C5-4B8E-A76A-1F385360BB29}.Debug|Any CPU.ActiveCfg = Debug|Any CPU
		{2C467C2E-44C5-4B8E-A76A-1F385360BB29}.Debug|Any CPU.Build.0 = Debug|Any CPU
		{2C467C2E-44C5-4B8E-A76A-1F385360BB29}.Release|Any CPU.ActiveCfg = Release|Any CPU
		{2C467C2E-44C5-4B8E-A76A-1F385360BB29}.Release|Any CPU.Build.0 = Release|Any CPU
	EndGlobalSection
	GlobalSection(SolutionProperties) = preSolution
		HideSolutionNode = FALSE
	EndGlobalSection
EndGlobal
